
Microsoft Visual Studio Solution File, Format Version 12.00
# Visual Studio Version 17
VisualStudioVersion = 17.9.34607.119
MinimumVisualStudioVersion = 10.0.40219.1
Project("{FAE04EC0-301F-11D3-BF4B-00C04F79EFBC}") = "SimpleEmailApp", "SimpleEmailApp\SimpleEmailApp.csproj", "{1E1F383D-B314-4F90-8C6F-684CADC147B5}"
EndProject
Global
	GlobalSection(SolutionConfigurationPlatforms) = preSolution
		Debug|Any CPU = Debug|Any CPU
		Release|Any CPU = Release|Any CPU
	EndGlobalSection
	GlobalSection(ProjectConfigurationPlatforms) = postSolution
		{1E1F383D-B314-4F90-8C6F-684CADC147B5}.Debug|Any CPU.ActiveCfg = Debug|Any CPU
		{1E1F383D-B314-4F90-8C6F-684CADC147B5}.Debug|Any CPU.Build.0 = Debug|Any CPU
		{1E1F383D-B314-4F90-8C6F-684CADC147B5}.Release|Any CPU.ActiveCfg = Release|Any CPU
		{1E1F383D-B314-4F90-8C6F-684CADC147B5}.Release|Any CPU.Build.0 = Release|Any CPU
	EndGlobalSection
	GlobalSection(SolutionProperties) = preSolution
		HideSolutionNode = FALSE
	EndGlobalSection
	GlobalSection(ExtensibilityGlobals) = postSolution
		SolutionGuid = {EC3A7587-0457-4790-AC06-F72C55AC6C68}
	EndGlobalSection
EndGlobal
